
Microsoft Visual Studio Solution File, Format Version 12.00
# Visual Studio Version 16
VisualStudioVersion = 16.0.31025.194
MinimumVisualStudioVersion = 10.0.40219.1
Project("{FAE04EC0-301F-11D3-BF4B-00C04F79EFBC}") = "CourseWork", "CourseWork\CourseWork.csproj", "{1C0C4B1E-2DA9-4548-B4F9-9902E3213D1A}"
EndProject
Project("{FAE04EC0-301F-11D3-BF4B-00C04F79EFBC}") = "About", "About\About.csproj", "{966EC4BB-ACDF-4A8E-B9C7-68EEC92A9D18}"
EndProject
Global
	GlobalSection(SolutionConfigurationPlatforms) = preSolution
		Debug|Any CPU = Debug|Any CPU
		Release|Any CPU = Release|Any CPU
	EndGlobalSection
	GlobalSection(ProjectConfigurationPlatforms) = postSolution
		{1C0C4B1E-2DA9-4548-B4F9-9902E3213D1A}.Debug|Any CPU.ActiveCfg = Debug|Any CPU
		{1C0C4B1E-2DA9-4548-B4F9-9902E3213D1A}.Debug|Any CPU.Build.0 = Debug|Any CPU
		{1C0C4B1E-2DA9-4548-B4F9-9902E3213D1A}.Release|Any CPU.ActiveCfg = Release|Any CPU
		{1C0C4B1E-2DA9-4548-B4F9-9902E3213D1A}.Release|Any CPU.Build.0 = Release|Any CPU
		{966EC4BB-ACDF-4A8E-B9C7-68EEC92A9D18}.Debug|Any CPU.ActiveCfg = Debug|Any CPU
		{966EC4BB-ACDF-4A8E-B9C7-68EEC92A9D18}.Debug|Any CPU.Build.0 = Debug|Any CPU
		{966EC4BB-ACDF-4A8E-B9C7-68EEC92A9D18}.Release|Any CPU.ActiveCfg = Release|Any CPU
		{966EC4BB-ACDF-4A8E-B9C7-68EEC92A9D18}.Release|Any CPU.Build.0 = Release|Any CPU
	EndGlobalSection
	GlobalSection(SolutionProperties) = preSolution
		HideSolutionNode = FALSE
	EndGlobalSection
	GlobalSection(ExtensibilityGlobals) = postSolution
		SolutionGuid = {F8FB50A0-B470-4CF0-97D1-A520F25AA5D8}
	EndGlobalSection
EndGlobal
